
Microsoft Visual Studio Solution File, Format Version 12.00
# Visual Studio Version 17
VisualStudioVersion = 17.6.33815.320
MinimumVisualStudioVersion = 10.0.40219.1
Project("{8BC9CEB8-8B4A-11D0-8D11-00A0C91BC942}") = "Patcher", "Patcher\Patcher.vcxproj", "{E5DDE6DA-3F1B-4324-BF69-AEE14EFB0F1C}"
	ProjectSection(ProjectDependencies) = postProject
		{37489709-8054-4903-9C49-A79846049FC9} = {37489709-8054-4903-9C49-A79846049FC9}
	EndProjectSection
EndProject
Project("{8BC9CEB8-8B4A-11D0-8D11-00A0C91BC942}") = "Detours", "Detours\vc\Detours.vcxproj", "{37489709-8054-4903-9C49-A79846049FC9}"
EndProject
Project("{2150E333-8FDC-42A3-9474-1A3956D46DE8}") = "ClientExtra", "ClientExtra", "{C49948D3-2A5E-416A-B583-0921D3E40C2F}"
	ProjectSection(SolutionItems) = preProject
		ClientExtra\studio.lua = ClientExtra\studio.lua
	EndProjectSection
EndProject
Global
	GlobalSection(SolutionConfigurationPlatforms) = preSolution
		Debug|x86 = Debug|x86
		Release|x86 = Release|x86
	EndGlobalSection
	GlobalSection(ProjectConfigurationPlatforms) = postSolution
		{E5DDE6DA-3F1B-4324-BF69-AEE14EFB0F1C}.Debug|x86.ActiveCfg = Debug|Win32
		{E5DDE6DA-3F1B-4324-BF69-AEE14EFB0F1C}.Debug|x86.Build.0 = Debug|Win32
		{E5DDE6DA-3F1B-4324-BF69-AEE14EFB0F1C}.Release|x86.ActiveCfg = Release|Win32
		{E5DDE6DA-3F1B-4324-BF69-AEE14EFB0F1C}.Release|x86.Build.0 = Release|Win32
		{37489709-8054-4903-9C49-A79846049FC9}.Debug|x86.ActiveCfg = DebugMDd|Win32
		{37489709-8054-4903-9C49-A79846049FC9}.Debug|x86.Build.0 = DebugMDd|Win32
		{37489709-8054-4903-9C49-A79846049FC9}.Release|x86.ActiveCfg = ReleaseMD|Win32
		{37489709-8054-4903-9C49-A79846049FC9}.Release|x86.Build.0 = ReleaseMD|Win32
	EndGlobalSection
	GlobalSection(SolutionProperties) = preSolution
		HideSolutionNode = FALSE
	EndGlobalSection
	GlobalSection(ExtensibilityGlobals) = postSolution
		SolutionGuid = {E153ED65-9D66-431E-B14F-8C68534A287A}
	EndGlobalSection
EndGlobal
