<?xml version="1.0" encoding="utf-8"?>
<Project ToolsVersion="4.0" xmlns="http://schemas.microsoft.com/developer/msbuild/2003">
  <ItemGroup>
    <Filter Include="Source Files">
      <UniqueIdentifier>{4FC737F1-C7A5-4376-A066-2A32D752A2FF}</UniqueIdentifier>
      <Extensions>cpp;c;cc;cxx;c++;cppm;ixx;def;odl;idl;hpj;bat;asm;asmx</Extensions>
    </Filter>
    <Filter Include="Header Files">
      <UniqueIdentifier>{93995380-89BD-4b04-88EB-625FBE52EBFB}</UniqueIdentifier>
      <Extensions>h;hh;hpp;hxx;h++;hm;inl;inc;ipp;xsd</Extensions>
    </Filter>
    <Filter Include="Resource Files">
      <UniqueIdentifier>{67DA6AB6-F800-4c08-8B7A-83BB121AAD01}</UniqueIdentifier>
      <Extensions>rc;ico;cur;bmp;dlg;rc2;rct;bin;rgs;gif;jpg;jpeg;jpe;resx;tiff;tif;png;wav;mfcribbon-ms</Extensions>
    </Filter>
    <Filter Include="inih">
      <UniqueIdentifier>{52fefdae-c609-4121-83c8-d3efa3dbc284}</UniqueIdentifier>
    </Filter>
    <Filter Include="base64">
      <UniqueIdentifier>{4b98b602-5867-4a2f-b950-d8302177f383}</UniqueIdentifier>
    </Filter>
  </ItemGroup>
  <ItemGroup>
    <ClInclude Include="pch.h">
      <Filter>Header Files</Filter>
    </ClInclude>
    <ClInclude Include="VC90Defs.h">
      <Filter>Header Files</Filter>
    </ClInclude>
    <ClInclude Include="RBXDefs.h">
      <Filter>Header Files</Filter>
    </ClInclude>
    <ClInclude Include="LuaDefs.h">
      <Filter>Header Files</Filter>
    </ClInclude>
    <ClInclude Include="RBXHooks.h">
      <Filter>Header Files</Filter>
    </ClInclude>
    <ClInclude Include="LuaHelpers.h">
      <Filter>Header Files</Filter>
    </ClInclude>
    <ClInclude Include="LuaApiExtensions.h">
      <Filter>Header Files</Filter>
    </ClInclude>
    <ClInclude Include="Config.h">
      <Filter>Header Files</Filter>
    </ClInclude>
    <ClInclude Include="Patches.h">
      <Filter>Header Files</Filter>
    </ClInclude>
    <ClInclude Include="UrlHelper.h">
      <Filter>Header Files</Filter>
    </ClInclude>
    <ClInclude Include="OtherHooks.h">
      <Filter>Header Files</Filter>
    </ClInclude>
    <ClInclude Include="..\inih\cpp\INIReader.h">
      <Filter>inih</Filter>
    </ClInclude>
    <ClInclude Include="..\inih\ini.h">
      <Filter>inih</Filter>
    </ClInclude>
    <ClInclude Include="RBXCookieJar.h">
      <Filter>Header Files</Filter>
    </ClInclude>
    <ClInclude Include="..\cpp-base64\base64.h">
      <Filter>base64</Filter>
    </ClInclude>
  </ItemGroup>
  <ItemGroup>
    <ClCompile Include="dllmain.cpp">
      <Filter>Source Files</Filter>
    </ClCompile>
    <ClCompile Include="pch.cpp">
      <Filter>Source Files</Filter>
    </ClCompile>
    <ClCompile Include="RBXHooks.cpp">
      <Filter>Source Files</Filter>
    </ClCompile>
    <ClCompile Include="LuaApiExtensions.cpp">
      <Filter>Source Files</Filter>
    </ClCompile>
    <ClCompile Include="LuaHelpers.cpp">
      <Filter>Source Files</Filter>
    </ClCompile>
    <ClCompile Include="Patches.cpp">
      <Filter>Source Files</Filter>
    </ClCompile>
    <ClCompile Include="UrlHelper.cpp">
      <Filter>Source Files</Filter>
    </ClCompile>
    <ClCompile Include="OtherHooks.cpp">
      <Filter>Source Files</Filter>
    </ClCompile>
    <ClCompile Include="..\inih\cpp\INIReader.cpp">
      <Filter>inih</Filter>
    </ClCompile>
    <ClCompile Include="..\inih\ini.c">
      <Filter>inih</Filter>
    </ClCompile>
    <ClCompile Include="Config.cpp">
      <Filter>Source Files</Filter>
    </ClCompile>
    <ClCompile Include="LuaBitOp.cpp">
      <Filter>Source Files</Filter>
    </ClCompile>
    <ClCompile Include="RBXCookieJar.cpp">
      <Filter>Source Files</Filter>
    </ClCompile>
    <ClCompile Include="..\cpp-base64\base64.cpp">
      <Filter>base64</Filter>
    </ClCompile>
  </ItemGroup>
  <ItemGroup>
    <None Include="rowblonks.ini" />
  </ItemGroup>
</Project>